
Microsoft Visual Studio Solution File, Format Version 12.00
# Visual Studio Version 17
VisualStudioVersion = 17.4.33213.308
MinimumVisualStudioVersion = 10.0.40219.1
Project("{2150E333-8FDC-42A3-9474-1A3956D46DE8}") = "Services", "Services", "{ECF8DD62-A383-4A81-AF3A-238C09E37A00}"
EndProject
Project("{9A19103F-16F7-4668-BE54-9A1E7A4F7556}") = "Catalog.Apis", "Services\Catalog\Catalog.Apis\Catalog.Apis.csproj", "{03B522A6-D5BB-4856-B9AC-4345ED8AE824}"
EndProject
Project("{E53339B2-1760-4266-BCC7-CA923CBCF16C}") = "docker-compose", "docker-compose.dcproj", "{7E08C790-BB6B-4714-9BAA-65F1AEC7E883}"
EndProject
Global
	GlobalSection(SolutionConfigurationPlatforms) = preSolution
		Debug|Any CPU = Debug|Any CPU
		Release|Any CPU = Release|Any CPU
	EndGlobalSection
	GlobalSection(ProjectConfigurationPlatforms) = postSolution
		{03B522A6-D5BB-4856-B9AC-4345ED8AE824}.Debug|Any CPU.ActiveCfg = Debug|Any CPU
		{03B522A6-D5BB-4856-B9AC-4345ED8AE824}.Debug|Any CPU.Build.0 = Debug|Any CPU
		{03B522A6-D5BB-4856-B9AC-4345ED8AE824}.Release|Any CPU.ActiveCfg = Release|Any CPU
		{03B522A6-D5BB-4856-B9AC-4345ED8AE824}.Release|Any CPU.Build.0 = Release|Any CPU
		{7E08C790-BB6B-4714-9BAA-65F1AEC7E883}.Debug|Any CPU.ActiveCfg = Debug|Any CPU
		{7E08C790-BB6B-4714-9BAA-65F1AEC7E883}.Debug|Any CPU.Build.0 = Debug|Any CPU
		{7E08C790-BB6B-4714-9BAA-65F1AEC7E883}.Release|Any CPU.ActiveCfg = Release|Any CPU
		{7E08C790-BB6B-4714-9BAA-65F1AEC7E883}.Release|Any CPU.Build.0 = Release|Any CPU
	EndGlobalSection
	GlobalSection(SolutionProperties) = preSolution
		HideSolutionNode = FALSE
	EndGlobalSection
	GlobalSection(NestedProjects) = preSolution
		{03B522A6-D5BB-4856-B9AC-4345ED8AE824} = {ECF8DD62-A383-4A81-AF3A-238C09E37A00}
	EndGlobalSection
	GlobalSection(ExtensibilityGlobals) = postSolution
		SolutionGuid = {DBD32690-4058-4195-8BEB-E0FE625D5F5F}
	EndGlobalSection
EndGlobal
